
Microsoft Visual Studio Solution File, Format Version 12.00
# Visual Studio 14
VisualStudioVersion = 14.0.23107.0
MinimumVisualStudioVersion = 10.0.40219.1
Project("{FAE04EC0-301F-11D3-BF4B-00C04F79EFBC}") = "JSaraiva.Foursquare.SearchPlaces.Client.Tests", "JSaraiva.Foursquare.SearchPlaces.Client.Tests\JSaraiva.Foursquare.SearchPlaces.Client.Tests.csproj", "{3B6C1EB5-46C1-4AAF-9853-2DC5353C2438}"
EndProject
Project("{FAE04EC0-301F-11D3-BF4B-00C04F79EFBC}") = "JSaraiva.Foursquare.SearchPlaces.Client", "JSaraiva.Foursquare.SearchPlaces.Client\JSaraiva.Foursquare.SearchPlaces.Client.csproj", "{C9B131F9-6707-4DCE-BDCE-CDF195FC22FB}"
EndProject
Global
	GlobalSection(SolutionConfigurationPlatforms) = preSolution
		Debug|Any CPU = Debug|Any CPU
		Release|Any CPU = Release|Any CPU
	EndGlobalSection
	GlobalSection(ProjectConfigurationPlatforms) = postSolution
		{3B6C1EB5-46C1-4AAF-9853-2DC5353C2438}.Debug|Any CPU.ActiveCfg = Debug|Any CPU
		{3B6C1EB5-46C1-4AAF-9853-2DC5353C2438}.Debug|Any CPU.Build.0 = Debug|Any CPU
		{3B6C1EB5-46C1-4AAF-9853-2DC5353C2438}.Release|Any CPU.ActiveCfg = Release|Any CPU
		{3B6C1EB5-46C1-4AAF-9853-2DC5353C2438}.Release|Any CPU.Build.0 = Release|Any CPU
		{C9B131F9-6707-4DCE-BDCE-CDF195FC22FB}.Debug|Any CPU.ActiveCfg = Debug|Any CPU
		{C9B131F9-6707-4DCE-BDCE-CDF195FC22FB}.Debug|Any CPU.Build.0 = Debug|Any CPU
		{C9B131F9-6707-4DCE-BDCE-CDF195FC22FB}.Release|Any CPU.ActiveCfg = Release|Any CPU
		{C9B131F9-6707-4DCE-BDCE-CDF195FC22FB}.Release|Any CPU.Build.0 = Release|Any CPU
	EndGlobalSection
	GlobalSection(SolutionProperties) = preSolution
		HideSolutionNode = FALSE
	EndGlobalSection
EndGlobal
